
Microsoft Visual Studio Solution File, Format Version 12.00
# Visual Studio 2012
Project("{FAE04EC0-301F-11D3-BF4B-00C04F79EFBC}") = "Taksi", "Taksi\Taksi.csproj", "{D439DD02-443D-4079-88B4-D3287783EE4B}"
EndProject
Global
	GlobalSection(SolutionConfigurationPlatforms) = preSolution
		Debug|Any CPU = Debug|Any CPU
		Release|Any CPU = Release|Any CPU
	EndGlobalSection
	GlobalSection(ProjectConfigurationPlatforms) = postSolution
		{D439DD02-443D-4079-88B4-D3287783EE4B}.Debug|Any CPU.ActiveCfg = Debug|Any CPU
		{D439DD02-443D-4079-88B4-D3287783EE4B}.Debug|Any CPU.Build.0 = Debug|Any CPU
		{D439DD02-443D-4079-88B4-D3287783EE4B}.Release|Any CPU.ActiveCfg = Release|Any CPU
		{D439DD02-443D-4079-88B4-D3287783EE4B}.Release|Any CPU.Build.0 = Release|Any CPU
	EndGlobalSection
	GlobalSection(SolutionProperties) = preSolution
		HideSolutionNode = FALSE
	EndGlobalSection
EndGlobal
